
Microsoft Visual Studio Solution File, Format Version 12.00
# Visual Studio 15
Project("{FAE04EC0-301F-11D3-BF4B-00C04F79EFBC}") = "IdentityServerService", "IdentityServerService\IdentityServerService.csproj", "{0C181814-6B2F-4267-93E4-BECE5DE086DF}"
EndProject
Project("{FAE04EC0-301F-11D3-BF4B-00C04F79EFBC}") = "WebApi", "WebApi\WebApi.csproj", "{3151750A-A071-46B1-8AFB-DD9FEA8606B2}"
EndProject
Project("{FAE04EC0-301F-11D3-BF4B-00C04F79EFBC}") = "Client", "Client\Client.csproj", "{10288F49-AF4E-4E20-A702-386FF46A6B5C}"
EndProject
Global
	GlobalSection(SolutionConfigurationPlatforms) = preSolution
		Debug|Any CPU = Debug|Any CPU
		Release|Any CPU = Release|Any CPU
	EndGlobalSection
	GlobalSection(ProjectConfigurationPlatforms) = postSolution
		{0C181814-6B2F-4267-93E4-BECE5DE086DF}.Debug|Any CPU.ActiveCfg = Debug|Any CPU
		{0C181814-6B2F-4267-93E4-BECE5DE086DF}.Debug|Any CPU.Build.0 = Debug|Any CPU
		{0C181814-6B2F-4267-93E4-BECE5DE086DF}.Release|Any CPU.ActiveCfg = Release|Any CPU
		{0C181814-6B2F-4267-93E4-BECE5DE086DF}.Release|Any CPU.Build.0 = Release|Any CPU
		{3151750A-A071-46B1-8AFB-DD9FEA8606B2}.Debug|Any CPU.ActiveCfg = Debug|Any CPU
		{3151750A-A071-46B1-8AFB-DD9FEA8606B2}.Debug|Any CPU.Build.0 = Debug|Any CPU
		{3151750A-A071-46B1-8AFB-DD9FEA8606B2}.Release|Any CPU.ActiveCfg = Release|Any CPU
		{3151750A-A071-46B1-8AFB-DD9FEA8606B2}.Release|Any CPU.Build.0 = Release|Any CPU
		{10288F49-AF4E-4E20-A702-386FF46A6B5C}.Debug|Any CPU.ActiveCfg = Debug|Any CPU
		{10288F49-AF4E-4E20-A702-386FF46A6B5C}.Debug|Any CPU.Build.0 = Debug|Any CPU
		{10288F49-AF4E-4E20-A702-386FF46A6B5C}.Release|Any CPU.ActiveCfg = Release|Any CPU
		{10288F49-AF4E-4E20-A702-386FF46A6B5C}.Release|Any CPU.Build.0 = Release|Any CPU
	EndGlobalSection
EndGlobal
